
Microsoft Visual Studio Solution File, Format Version 12.00
# Visual Studio Version 16
VisualStudioVersion = 16.0.31624.102
MinimumVisualStudioVersion = 10.0.40219.1
Project("{FAE04EC0-301F-11D3-BF4B-00C04F79EFBC}") = "exemploRefit", "exemploRefit.csproj", "{3841B53B-19DA-447B-9CE1-0A71F6D18CC2}"
EndProject
Global
	GlobalSection(SolutionConfigurationPlatforms) = preSolution
		Debug|Any CPU = Debug|Any CPU
		Release|Any CPU = Release|Any CPU
	EndGlobalSection
	GlobalSection(ProjectConfigurationPlatforms) = postSolution
		{3841B53B-19DA-447B-9CE1-0A71F6D18CC2}.Debug|Any CPU.ActiveCfg = Debug|Any CPU
		{3841B53B-19DA-447B-9CE1-0A71F6D18CC2}.Debug|Any CPU.Build.0 = Debug|Any CPU
		{3841B53B-19DA-447B-9CE1-0A71F6D18CC2}.Release|Any CPU.ActiveCfg = Release|Any CPU
		{3841B53B-19DA-447B-9CE1-0A71F6D18CC2}.Release|Any CPU.Build.0 = Release|Any CPU
	EndGlobalSection
	GlobalSection(SolutionProperties) = preSolution
		HideSolutionNode = FALSE
	EndGlobalSection
	GlobalSection(ExtensibilityGlobals) = postSolution
		SolutionGuid = {D7548AEC-D158-457F-AC7E-124DE26143D2}
	EndGlobalSection
EndGlobal
